
Microsoft Visual Studio Solution File, Format Version 12.00
# Visual Studio Version 17
VisualStudioVersion = 17.8.34309.116
MinimumVisualStudioVersion = 10.0.40219.1
Project("{9A19103F-16F7-4668-BE54-9A1E7A4F7556}") = "MagicVilla_VillaAPI", "MagicVilla_VillaAPI\MagicVilla_VillaAPI.csproj", "{AC42974E-8CC6-4DF4-9584-AB37DB90E6B1}"
EndProject
Project("{9A19103F-16F7-4668-BE54-9A1E7A4F7556}") = "MagicVilla_Utility", "MagicVilla_Utility\MagicVilla_Utility.csproj", "{4DEBFFDF-17AA-4944-B1D8-7F5ADB7E78AA}"
EndProject
Project("{FAE04EC0-301F-11D3-BF4B-00C04F79EFBC}") = "MagicVilla_Web", "MagicVilla_Web\MagicVilla_Web.csproj", "{F34D92E4-15F4-48E3-9870-E58B289B2105}"
EndProject
Global
	GlobalSection(SolutionConfigurationPlatforms) = preSolution
		Debug|Any CPU = Debug|Any CPU
		Release|Any CPU = Release|Any CPU
	EndGlobalSection
	GlobalSection(ProjectConfigurationPlatforms) = postSolution
		{AC42974E-8CC6-4DF4-9584-AB37DB90E6B1}.Debug|Any CPU.ActiveCfg = Debug|Any CPU
		{AC42974E-8CC6-4DF4-9584-AB37DB90E6B1}.Debug|Any CPU.Build.0 = Debug|Any CPU
		{AC42974E-8CC6-4DF4-9584-AB37DB90E6B1}.Release|Any CPU.ActiveCfg = Release|Any CPU
		{AC42974E-8CC6-4DF4-9584-AB37DB90E6B1}.Release|Any CPU.Build.0 = Release|Any CPU
		{4DEBFFDF-17AA-4944-B1D8-7F5ADB7E78AA}.Debug|Any CPU.ActiveCfg = Debug|Any CPU
		{4DEBFFDF-17AA-4944-B1D8-7F5ADB7E78AA}.Debug|Any CPU.Build.0 = Debug|Any CPU
		{4DEBFFDF-17AA-4944-B1D8-7F5ADB7E78AA}.Release|Any CPU.ActiveCfg = Release|Any CPU
		{4DEBFFDF-17AA-4944-B1D8-7F5ADB7E78AA}.Release|Any CPU.Build.0 = Release|Any CPU
		{F34D92E4-15F4-48E3-9870-E58B289B2105}.Debug|Any CPU.ActiveCfg = Debug|Any CPU
		{F34D92E4-15F4-48E3-9870-E58B289B2105}.Debug|Any CPU.Build.0 = Debug|Any CPU
		{F34D92E4-15F4-48E3-9870-E58B289B2105}.Release|Any CPU.ActiveCfg = Release|Any CPU
		{F34D92E4-15F4-48E3-9870-E58B289B2105}.Release|Any CPU.Build.0 = Release|Any CPU
	EndGlobalSection
	GlobalSection(SolutionProperties) = preSolution
		HideSolutionNode = FALSE
	EndGlobalSection
	GlobalSection(ExtensibilityGlobals) = postSolution
		SolutionGuid = {2E0E97D3-0239-4C71-834A-891F5E099C0B}
	EndGlobalSection
EndGlobal
